{
  "name": "browserify_redeemer",
  "version": "1.0.0",
  "lockfileVersion": 3,
  "requires": true,
  "packages": {
    "": {
      "name": "browserify_redeemer",
      "version": "1.0.0",
      "license": "ISC",
      "dependencies": {
        "pivx-promos": "^0.2.0"
      }
    },
    "node_modules/pivx-promos": {
      "version": "0.2.0",
      "resolved": "https://registry.npmjs.org/pivx-promos/-/pivx-promos-0.2.0.tgz",
      "integrity": "sha512-1s/omzaJ5jqJim+bK6AKg0bb1uerraUTJt59KoDckzWXgExOfdh8sZgAy4GTyowoR+vJz0u8j9r5GwmFqz8IwA=="
    }
  }
}
